
Microsoft Visual Studio Solution File, Format Version 12.00
# Visual Studio 15
VisualStudioVersion = 15.0.28307.136
MinimumVisualStudioVersion = 10.0.40219.1
Project("{8BC9CEB8-8B4A-11D0-8D11-00A0C91BC942}") = "1", "1\1.vcxproj", "{B318AA67-06E5-4BA5-B86B-4D54A7BC2B68}"
EndProject
Project("{8BC9CEB8-8B4A-11D0-8D11-00A0C91BC942}") = "2", "2\2.vcxproj", "{57425970-4010-4488-9411-90B4EF039649}"
EndProject
Project("{8BC9CEB8-8B4A-11D0-8D11-00A0C91BC942}") = "3", "3\3.vcxproj", "{9AC0F198-46EA-495B-B0EC-84795CD77CDB}"
EndProject
Project("{8BC9CEB8-8B4A-11D0-8D11-00A0C91BC942}") = "4", "4\4.vcxproj", "{4AB652A3-CDFA-427C-BEB8-FC5660CF2F23}"
EndProject
Project("{8BC9CEB8-8B4A-11D0-8D11-00A0C91BC942}") = "5", "5\5.vcxproj", "{B98FF48F-C8AB-4F6F-8A2D-09B891587DF2}"
EndProject
Global
	GlobalSection(SolutionConfigurationPlatforms) = preSolution
		Debug|x64 = Debug|x64
		Debug|x86 = Debug|x86
		Release|x64 = Release|x64
		Release|x86 = Release|x86
	EndGlobalSection
	GlobalSection(ProjectConfigurationPlatforms) = postSolution
		{B318AA67-06E5-4BA5-B86B-4D54A7BC2B68}.Debug|x64.ActiveCfg = Debug|x64
		{B318AA67-06E5-4BA5-B86B-4D54A7BC2B68}.Debug|x64.Build.0 = Debug|x64
		{B318AA67-06E5-4BA5-B86B-4D54A7BC2B68}.Debug|x86.ActiveCfg = Debug|Win32
		{B318AA67-06E5-4BA5-B86B-4D54A7BC2B68}.Debug|x86.Build.0 = Debug|Win32
		{B318AA67-06E5-4BA5-B86B-4D54A7BC2B68}.Release|x64.ActiveCfg = Release|x64
		{B318AA67-06E5-4BA5-B86B-4D54A7BC2B68}.Release|x64.Build.0 = Release|x64
		{B318AA67-06E5-4BA5-B86B-4D54A7BC2B68}.Release|x86.ActiveCfg = Release|Win32
		{B318AA67-06E5-4BA5-B86B-4D54A7BC2B68}.Release|x86.Build.0 = Release|Win32
		{57425970-4010-4488-9411-90B4EF039649}.Debug|x64.ActiveCfg = Debug|x64
		{57425970-4010-4488-9411-90B4EF039649}.Debug|x64.Build.0 = Debug|x64
		{57425970-4010-4488-9411-90B4EF039649}.Debug|x86.ActiveCfg = Debug|Win32
		{57425970-4010-4488-9411-90B4EF039649}.Debug|x86.Build.0 = Debug|Win32
		{57425970-4010-4488-9411-90B4EF039649}.Release|x64.ActiveCfg = Release|x64
		{57425970-4010-4488-9411-90B4EF039649}.Release|x64.Build.0 = Release|x64
		{57425970-4010-4488-9411-90B4EF039649}.Release|x86.ActiveCfg = Release|Win32
		{57425970-4010-4488-9411-90B4EF039649}.Release|x86.Build.0 = Release|Win32
		{9AC0F198-46EA-495B-B0EC-84795CD77CDB}.Debug|x64.ActiveCfg = Debug|x64
		{9AC0F198-46EA-495B-B0EC-84795CD77CDB}.Debug|x64.Build.0 = Debug|x64
		{9AC0F198-46EA-495B-B0EC-84795CD77CDB}.Debug|x86.ActiveCfg = Debug|Win32
		{9AC0F198-46EA-495B-B0EC-84795CD77CDB}.Debug|x86.Build.0 = Debug|Win32
		{9AC0F198-46EA-495B-B0EC-84795CD77CDB}.Release|x64.ActiveCfg = Release|x64
		{9AC0F198-46EA-495B-B0EC-84795CD77CDB}.Release|x64.Build.0 = Release|x64
		{9AC0F198-46EA-495B-B0EC-84795CD77CDB}.Release|x86.ActiveCfg = Release|Win32
		{9AC0F198-46EA-495B-B0EC-84795CD77CDB}.Release|x86.Build.0 = Release|Win32
		{4AB652A3-CDFA-427C-BEB8-FC5660CF2F23}.Debug|x64.ActiveCfg = Debug|x64
		{4AB652A3-CDFA-427C-BEB8-FC5660CF2F23}.Debug|x64.Build.0 = Debug|x64
		{4AB652A3-CDFA-427C-BEB8-FC5660CF2F23}.Debug|x86.ActiveCfg = Debug|Win32
		{4AB652A3-CDFA-427C-BEB8-FC5660CF2F23}.Debug|x86.Build.0 = Debug|Win32
		{4AB652A3-CDFA-427C-BEB8-FC5660CF2F23}.Release|x64.ActiveCfg = Release|x64
		{4AB652A3-CDFA-427C-BEB8-FC5660CF2F23}.Release|x64.Build.0 = Release|x64
		{4AB652A3-CDFA-427C-BEB8-FC5660CF2F23}.Release|x86.ActiveCfg = Release|Win32
		{4AB652A3-CDFA-427C-BEB8-FC5660CF2F23}.Release|x86.Build.0 = Release|Win32
		{B98FF48F-C8AB-4F6F-8A2D-09B891587DF2}.Debug|x64.ActiveCfg = Debug|x64
		{B98FF48F-C8AB-4F6F-8A2D-09B891587DF2}.Debug|x64.Build.0 = Debug|x64
		{B98FF48F-C8AB-4F6F-8A2D-09B891587DF2}.Debug|x86.ActiveCfg = Debug|Win32
		{B98FF48F-C8AB-4F6F-8A2D-09B891587DF2}.Debug|x86.Build.0 = Debug|Win32
		{B98FF48F-C8AB-4F6F-8A2D-09B891587DF2}.Release|x64.ActiveCfg = Release|x64
		{B98FF48F-C8AB-4F6F-8A2D-09B891587DF2}.Release|x64.Build.0 = Release|x64
		{B98FF48F-C8AB-4F6F-8A2D-09B891587DF2}.Release|x86.ActiveCfg = Release|Win32
		{B98FF48F-C8AB-4F6F-8A2D-09B891587DF2}.Release|x86.Build.0 = Release|Win32
	EndGlobalSection
	GlobalSection(SolutionProperties) = preSolution
		HideSolutionNode = FALSE
	EndGlobalSection
	GlobalSection(ExtensibilityGlobals) = postSolution
		SolutionGuid = {2B0ED061-7F12-457E-9F66-B6E795F2D767}
	EndGlobalSection
EndGlobal
