
Microsoft Visual Studio Solution File, Format Version 12.00
# Visual Studio 15
VisualStudioVersion = 15.0.28307.136
MinimumVisualStudioVersion = 10.0.40219.1
Project("{8BC9CEB8-8B4A-11D0-8D11-00A0C91BC942}") = "01", "1\1.vcxproj", "{B318AA67-06E5-4BA5-B86B-4D54A7BC2B68}"
EndProject
Project("{8BC9CEB8-8B4A-11D0-8D11-00A0C91BC942}") = "02", "2\2.vcxproj", "{57425970-4010-4488-9411-90B4EF039649}"
EndProject
Project("{8BC9CEB8-8B4A-11D0-8D11-00A0C91BC942}") = "03", "3\3.vcxproj", "{9AC0F198-46EA-495B-B0EC-84795CD77CDB}"
EndProject
Project("{8BC9CEB8-8B4A-11D0-8D11-00A0C91BC942}") = "04", "4\4.vcxproj", "{4AB652A3-CDFA-427C-BEB8-FC5660CF2F23}"
EndProject
Project("{8BC9CEB8-8B4A-11D0-8D11-00A0C91BC942}") = "05", "5\5.vcxproj", "{B98FF48F-C8AB-4F6F-8A2D-09B891587DF2}"
EndProject
Project("{8BC9CEB8-8B4A-11D0-8D11-00A0C91BC942}") = "06", "6\6.vcxproj", "{87BEA623-8EDC-4094-AA34-110F5ED9A98B}"
EndProject
Project("{8BC9CEB8-8B4A-11D0-8D11-00A0C91BC942}") = "07", "7\7.vcxproj", "{D589B792-B3C8-41C1-AA68-253B81C183EE}"
EndProject
Project("{8BC9CEB8-8B4A-11D0-8D11-00A0C91BC942}") = "08", "8\8.vcxproj", "{6DF96D22-6D26-41FE-AC28-35D4F6E65544}"
EndProject
Project("{8BC9CEB8-8B4A-11D0-8D11-00A0C91BC942}") = "09", "9\9.vcxproj", "{9EAB32C7-439E-4696-85AE-B094C2416F7C}"
EndProject
Project("{8BC9CEB8-8B4A-11D0-8D11-00A0C91BC942}") = "10", "10\10.vcxproj", "{566D24A6-CED9-4597-B927-976744944744}"
EndProject
Project("{8BC9CEB8-8B4A-11D0-8D11-00A0C91BC942}") = "11", "11\11.vcxproj", "{AE732697-FB1A-4AAE-8073-1A670ABF1813}"
EndProject
Project("{8BC9CEB8-8B4A-11D0-8D11-00A0C91BC942}") = "12", "12\12.vcxproj", "{1D72F8B0-277E-44DC-BEDE-367E450EA7E8}"
EndProject
Project("{8BC9CEB8-8B4A-11D0-8D11-00A0C91BC942}") = "13", "13\13.vcxproj", "{3CF497F7-05BE-486D-97E9-B63CDFEB5109}"
EndProject
Global
	GlobalSection(SolutionConfigurationPlatforms) = preSolution
		Debug|x64 = Debug|x64
		Debug|x86 = Debug|x86
		Release|x64 = Release|x64
		Release|x86 = Release|x86
	EndGlobalSection
	GlobalSection(ProjectConfigurationPlatforms) = postSolution
		{B318AA67-06E5-4BA5-B86B-4D54A7BC2B68}.Debug|x64.ActiveCfg = Debug|x64
		{B318AA67-06E5-4BA5-B86B-4D54A7BC2B68}.Debug|x64.Build.0 = Debug|x64
		{B318AA67-06E5-4BA5-B86B-4D54A7BC2B68}.Debug|x86.ActiveCfg = Debug|Win32
		{B318AA67-06E5-4BA5-B86B-4D54A7BC2B68}.Debug|x86.Build.0 = Debug|Win32
		{B318AA67-06E5-4BA5-B86B-4D54A7BC2B68}.Release|x64.ActiveCfg = Release|x64
		{B318AA67-06E5-4BA5-B86B-4D54A7BC2B68}.Release|x64.Build.0 = Release|x64
		{B318AA67-06E5-4BA5-B86B-4D54A7BC2B68}.Release|x86.ActiveCfg = Release|Win32
		{B318AA67-06E5-4BA5-B86B-4D54A7BC2B68}.Release|x86.Build.0 = Release|Win32
		{57425970-4010-4488-9411-90B4EF039649}.Debug|x64.ActiveCfg = Debug|x64
		{57425970-4010-4488-9411-90B4EF039649}.Debug|x64.Build.0 = Debug|x64
		{57425970-4010-4488-9411-90B4EF039649}.Debug|x86.ActiveCfg = Debug|Win32
		{57425970-4010-4488-9411-90B4EF039649}.Debug|x86.Build.0 = Debug|Win32
		{57425970-4010-4488-9411-90B4EF039649}.Release|x64.ActiveCfg = Release|x64
		{57425970-4010-4488-9411-90B4EF039649}.Release|x64.Build.0 = Release|x64
		{57425970-4010-4488-9411-90B4EF039649}.Release|x86.ActiveCfg = Release|Win32
		{57425970-4010-4488-9411-90B4EF039649}.Release|x86.Build.0 = Release|Win32
		{9AC0F198-46EA-495B-B0EC-84795CD77CDB}.Debug|x64.ActiveCfg = Debug|x64
		{9AC0F198-46EA-495B-B0EC-84795CD77CDB}.Debug|x64.Build.0 = Debug|x64
		{9AC0F198-46EA-495B-B0EC-84795CD77CDB}.Debug|x86.ActiveCfg = Debug|Win32
		{9AC0F198-46EA-495B-B0EC-84795CD77CDB}.Debug|x86.Build.0 = Debug|Win32
		{9AC0F198-46EA-495B-B0EC-84795CD77CDB}.Release|x64.ActiveCfg = Release|x64
		{9AC0F198-46EA-495B-B0EC-84795CD77CDB}.Release|x64.Build.0 = Release|x64
		{9AC0F198-46EA-495B-B0EC-84795CD77CDB}.Release|x86.ActiveCfg = Release|Win32
		{9AC0F198-46EA-495B-B0EC-84795CD77CDB}.Release|x86.Build.0 = Release|Win32
		{4AB652A3-CDFA-427C-BEB8-FC5660CF2F23}.Debug|x64.ActiveCfg = Debug|x64
		{4AB652A3-CDFA-427C-BEB8-FC5660CF2F23}.Debug|x64.Build.0 = Debug|x64
		{4AB652A3-CDFA-427C-BEB8-FC5660CF2F23}.Debug|x86.ActiveCfg = Debug|Win32
		{4AB652A3-CDFA-427C-BEB8-FC5660CF2F23}.Debug|x86.Build.0 = Debug|Win32
		{4AB652A3-CDFA-427C-BEB8-FC5660CF2F23}.Release|x64.ActiveCfg = Release|x64
		{4AB652A3-CDFA-427C-BEB8-FC5660CF2F23}.Release|x64.Build.0 = Release|x64
		{4AB652A3-CDFA-427C-BEB8-FC5660CF2F23}.Release|x86.ActiveCfg = Release|Win32
		{4AB652A3-CDFA-427C-BEB8-FC5660CF2F23}.Release|x86.Build.0 = Release|Win32
		{B98FF48F-C8AB-4F6F-8A2D-09B891587DF2}.Debug|x64.ActiveCfg = Debug|x64
		{B98FF48F-C8AB-4F6F-8A2D-09B891587DF2}.Debug|x64.Build.0 = Debug|x64
		{B98FF48F-C8AB-4F6F-8A2D-09B891587DF2}.Debug|x86.ActiveCfg = Debug|Win32
		{B98FF48F-C8AB-4F6F-8A2D-09B891587DF2}.Debug|x86.Build.0 = Debug|Win32
		{B98FF48F-C8AB-4F6F-8A2D-09B891587DF2}.Release|x64.ActiveCfg = Release|x64
		{B98FF48F-C8AB-4F6F-8A2D-09B891587DF2}.Release|x64.Build.0 = Release|x64
		{B98FF48F-C8AB-4F6F-8A2D-09B891587DF2}.Release|x86.ActiveCfg = Release|Win32
		{B98FF48F-C8AB-4F6F-8A2D-09B891587DF2}.Release|x86.Build.0 = Release|Win32
		{87BEA623-8EDC-4094-AA34-110F5ED9A98B}.Debug|x64.ActiveCfg = Debug|x64
		{87BEA623-8EDC-4094-AA34-110F5ED9A98B}.Debug|x64.Build.0 = Debug|x64
		{87BEA623-8EDC-4094-AA34-110F5ED9A98B}.Debug|x86.ActiveCfg = Debug|Win32
		{87BEA623-8EDC-4094-AA34-110F5ED9A98B}.Debug|x86.Build.0 = Debug|Win32
		{87BEA623-8EDC-4094-AA34-110F5ED9A98B}.Release|x64.ActiveCfg = Release|x64
		{87BEA623-8EDC-4094-AA34-110F5ED9A98B}.Release|x64.Build.0 = Release|x64
		{87BEA623-8EDC-4094-AA34-110F5ED9A98B}.Release|x86.ActiveCfg = Release|Win32
		{87BEA623-8EDC-4094-AA34-110F5ED9A98B}.Release|x86.Build.0 = Release|Win32
		{D589B792-B3C8-41C1-AA68-253B81C183EE}.Debug|x64.ActiveCfg = Debug|x64
		{D589B792-B3C8-41C1-AA68-253B81C183EE}.Debug|x64.Build.0 = Debug|x64
		{D589B792-B3C8-41C1-AA68-253B81C183EE}.Debug|x86.ActiveCfg = Debug|Win32
		{D589B792-B3C8-41C1-AA68-253B81C183EE}.Debug|x86.Build.0 = Debug|Win32
		{D589B792-B3C8-41C1-AA68-253B81C183EE}.Release|x64.ActiveCfg = Release|x64
		{D589B792-B3C8-41C1-AA68-253B81C183EE}.Release|x64.Build.0 = Release|x64
		{D589B792-B3C8-41C1-AA68-253B81C183EE}.Release|x86.ActiveCfg = Release|Win32
		{D589B792-B3C8-41C1-AA68-253B81C183EE}.Release|x86.Build.0 = Release|Win32
		{6DF96D22-6D26-41FE-AC28-35D4F6E65544}.Debug|x64.ActiveCfg = Debug|x64
		{6DF96D22-6D26-41FE-AC28-35D4F6E65544}.Debug|x64.Build.0 = Debug|x64
		{6DF96D22-6D26-41FE-AC28-35D4F6E65544}.Debug|x86.ActiveCfg = Debug|Win32
		{6DF96D22-6D26-41FE-AC28-35D4F6E65544}.Debug|x86.Build.0 = Debug|Win32
		{6DF96D22-6D26-41FE-AC28-35D4F6E65544}.Release|x64.ActiveCfg = Release|x64
		{6DF96D22-6D26-41FE-AC28-35D4F6E65544}.Release|x64.Build.0 = Release|x64
		{6DF96D22-6D26-41FE-AC28-35D4F6E65544}.Release|x86.ActiveCfg = Release|Win32
		{6DF96D22-6D26-41FE-AC28-35D4F6E65544}.Release|x86.Build.0 = Release|Win32
		{9EAB32C7-439E-4696-85AE-B094C2416F7C}.Debug|x64.ActiveCfg = Debug|x64
		{9EAB32C7-439E-4696-85AE-B094C2416F7C}.Debug|x64.Build.0 = Debug|x64
		{9EAB32C7-439E-4696-85AE-B094C2416F7C}.Debug|x86.ActiveCfg = Debug|Win32
		{9EAB32C7-439E-4696-85AE-B094C2416F7C}.Debug|x86.Build.0 = Debug|Win32
		{9EAB32C7-439E-4696-85AE-B094C2416F7C}.Release|x64.ActiveCfg = Release|x64
		{9EAB32C7-439E-4696-85AE-B094C2416F7C}.Release|x64.Build.0 = Release|x64
		{9EAB32C7-439E-4696-85AE-B094C2416F7C}.Release|x86.ActiveCfg = Release|Win32
		{9EAB32C7-439E-4696-85AE-B094C2416F7C}.Release|x86.Build.0 = Release|Win32
		{566D24A6-CED9-4597-B927-976744944744}.Debug|x64.ActiveCfg = Debug|x64
		{566D24A6-CED9-4597-B927-976744944744}.Debug|x64.Build.0 = Debug|x64
		{566D24A6-CED9-4597-B927-976744944744}.Debug|x86.ActiveCfg = Debug|Win32
		{566D24A6-CED9-4597-B927-976744944744}.Debug|x86.Build.0 = Debug|Win32
		{566D24A6-CED9-4597-B927-976744944744}.Release|x64.ActiveCfg = Release|x64
		{566D24A6-CED9-4597-B927-976744944744}.Release|x64.Build.0 = Release|x64
		{566D24A6-CED9-4597-B927-976744944744}.Release|x86.ActiveCfg = Release|Win32
		{566D24A6-CED9-4597-B927-976744944744}.Release|x86.Build.0 = Release|Win32
		{AE732697-FB1A-4AAE-8073-1A670ABF1813}.Debug|x64.ActiveCfg = Debug|x64
		{AE732697-FB1A-4AAE-8073-1A670ABF1813}.Debug|x64.Build.0 = Debug|x64
		{AE732697-FB1A-4AAE-8073-1A670ABF1813}.Debug|x86.ActiveCfg = Debug|Win32
		{AE732697-FB1A-4AAE-8073-1A670ABF1813}.Debug|x86.Build.0 = Debug|Win32
		{AE732697-FB1A-4AAE-8073-1A670ABF1813}.Release|x64.ActiveCfg = Release|x64
		{AE732697-FB1A-4AAE-8073-1A670ABF1813}.Release|x64.Build.0 = Release|x64
		{AE732697-FB1A-4AAE-8073-1A670ABF1813}.Release|x86.ActiveCfg = Release|Win32
		{AE732697-FB1A-4AAE-8073-1A670ABF1813}.Release|x86.Build.0 = Release|Win32
		{1D72F8B0-277E-44DC-BEDE-367E450EA7E8}.Debug|x64.ActiveCfg = Debug|x64
		{1D72F8B0-277E-44DC-BEDE-367E450EA7E8}.Debug|x64.Build.0 = Debug|x64
		{1D72F8B0-277E-44DC-BEDE-367E450EA7E8}.Debug|x86.ActiveCfg = Debug|Win32
		{1D72F8B0-277E-44DC-BEDE-367E450EA7E8}.Debug|x86.Build.0 = Debug|Win32
		{1D72F8B0-277E-44DC-BEDE-367E450EA7E8}.Release|x64.ActiveCfg = Release|x64
		{1D72F8B0-277E-44DC-BEDE-367E450EA7E8}.Release|x64.Build.0 = Release|x64
		{1D72F8B0-277E-44DC-BEDE-367E450EA7E8}.Release|x86.ActiveCfg = Release|Win32
		{1D72F8B0-277E-44DC-BEDE-367E450EA7E8}.Release|x86.Build.0 = Release|Win32
		{3CF497F7-05BE-486D-97E9-B63CDFEB5109}.Debug|x64.ActiveCfg = Debug|x64
		{3CF497F7-05BE-486D-97E9-B63CDFEB5109}.Debug|x64.Build.0 = Debug|x64
		{3CF497F7-05BE-486D-97E9-B63CDFEB5109}.Debug|x86.ActiveCfg = Debug|Win32
		{3CF497F7-05BE-486D-97E9-B63CDFEB5109}.Debug|x86.Build.0 = Debug|Win32
		{3CF497F7-05BE-486D-97E9-B63CDFEB5109}.Release|x64.ActiveCfg = Release|x64
		{3CF497F7-05BE-486D-97E9-B63CDFEB5109}.Release|x64.Build.0 = Release|x64
		{3CF497F7-05BE-486D-97E9-B63CDFEB5109}.Release|x86.ActiveCfg = Release|Win32
		{3CF497F7-05BE-486D-97E9-B63CDFEB5109}.Release|x86.Build.0 = Release|Win32
	EndGlobalSection
	GlobalSection(SolutionProperties) = preSolution
		HideSolutionNode = FALSE
	EndGlobalSection
	GlobalSection(ExtensibilityGlobals) = postSolution
		SolutionGuid = {2B0ED061-7F12-457E-9F66-B6E795F2D767}
	EndGlobalSection
EndGlobal
